<?xml version="1.0" encoding="UTF-8"?>
<Scheme
<<<<<<< HEAD
   LastUpgradeVersion = "0930"
=======
   LastUpgradeVersion = "1000"
>>>>>>> 6955d9fa30d1b4dfe0d146cf03cb639fe1cf5925
   version = "1.3">
   <BuildAction
      parallelizeBuildables = "YES"
      buildImplicitDependencies = "YES">
      <BuildActionEntries>
         <BuildActionEntry
            buildForTesting = "YES"
            buildForRunning = "YES"
            buildForProfiling = "YES"
            buildForArchiving = "YES"
            buildForAnalyzing = "YES">
            <BuildableReference
               BuildableIdentifier = "primary"
<<<<<<< HEAD
               BlueprintIdentifier = "8E493D942019549700B7E145"
=======
               BlueprintIdentifier = "8E774DA82159CE9500AD4350"
>>>>>>> 6955d9fa30d1b4dfe0d146cf03cb639fe1cf5925
               BuildableName = "Pineafy.app"
               BlueprintName = "Pineafy"
               ReferencedContainer = "container:Pineafy.xcodeproj">
            </BuildableReference>
         </BuildActionEntry>
      </BuildActionEntries>
   </BuildAction>
   <TestAction
      buildConfiguration = "Debug"
      selectedDebuggerIdentifier = "Xcode.DebuggerFoundation.Debugger.LLDB"
      selectedLauncherIdentifier = "Xcode.DebuggerFoundation.Launcher.LLDB"
      shouldUseLaunchSchemeArgsEnv = "YES">
      <Testables>
         <TestableReference
            skipped = "NO">
            <BuildableReference
               BuildableIdentifier = "primary"
<<<<<<< HEAD
               BlueprintIdentifier = "8E3C911A20AFF69400694FA4"
=======
               BlueprintIdentifier = "8E774DBF2159CE9600AD4350"
>>>>>>> 6955d9fa30d1b4dfe0d146cf03cb639fe1cf5925
               BuildableName = "PineafyTests.xctest"
               BlueprintName = "PineafyTests"
               ReferencedContainer = "container:Pineafy.xcodeproj">
            </BuildableReference>
         </TestableReference>
         <TestableReference
            skipped = "NO">
            <BuildableReference
               BuildableIdentifier = "primary"
<<<<<<< HEAD
               BlueprintIdentifier = "8E493DB62019549800B7E145"
=======
               BlueprintIdentifier = "8E774DCA2159CE9600AD4350"
>>>>>>> 6955d9fa30d1b4dfe0d146cf03cb639fe1cf5925
               BuildableName = "PineafyUITests.xctest"
               BlueprintName = "PineafyUITests"
               ReferencedContainer = "container:Pineafy.xcodeproj">
            </BuildableReference>
         </TestableReference>
      </Testables>
      <MacroExpansion>
         <BuildableReference
            BuildableIdentifier = "primary"
<<<<<<< HEAD
            BlueprintIdentifier = "8E493D942019549700B7E145"
=======
            BlueprintIdentifier = "8E774DA82159CE9500AD4350"
>>>>>>> 6955d9fa30d1b4dfe0d146cf03cb639fe1cf5925
            BuildableName = "Pineafy.app"
            BlueprintName = "Pineafy"
            ReferencedContainer = "container:Pineafy.xcodeproj">
         </BuildableReference>
      </MacroExpansion>
      <AdditionalOptions>
      </AdditionalOptions>
   </TestAction>
   <LaunchAction
      buildConfiguration = "Debug"
      selectedDebuggerIdentifier = "Xcode.DebuggerFoundation.Debugger.LLDB"
      selectedLauncherIdentifier = "Xcode.DebuggerFoundation.Launcher.LLDB"
      launchStyle = "0"
      useCustomWorkingDirectory = "NO"
      ignoresPersistentStateOnLaunch = "NO"
      debugDocumentVersioning = "YES"
      debugServiceExtension = "internal"
      allowLocationSimulation = "YES">
      <BuildableProductRunnable
         runnableDebuggingMode = "0">
         <BuildableReference
            BuildableIdentifier = "primary"
<<<<<<< HEAD
            BlueprintIdentifier = "8E493D942019549700B7E145"
=======
            BlueprintIdentifier = "8E774DA82159CE9500AD4350"
>>>>>>> 6955d9fa30d1b4dfe0d146cf03cb639fe1cf5925
            BuildableName = "Pineafy.app"
            BlueprintName = "Pineafy"
            ReferencedContainer = "container:Pineafy.xcodeproj">
         </BuildableReference>
      </BuildableProductRunnable>
<<<<<<< HEAD
      <EnvironmentVariables>
         <EnvironmentVariable
            key = "OS_ACTIVITY_MODE"
            value = "disable"
            isEnabled = "NO">
         </EnvironmentVariable>
      </EnvironmentVariables>
=======
      <CommandLineArguments>
         <CommandLineArgument
            argument = "FIRAnalyticsDebugEnabled"
            isEnabled = "YES">
         </CommandLineArgument>
      </CommandLineArguments>
>>>>>>> 6955d9fa30d1b4dfe0d146cf03cb639fe1cf5925
      <AdditionalOptions>
      </AdditionalOptions>
   </LaunchAction>
   <ProfileAction
      buildConfiguration = "Release"
      shouldUseLaunchSchemeArgsEnv = "YES"
      savedToolIdentifier = ""
      useCustomWorkingDirectory = "NO"
      debugDocumentVersioning = "YES">
      <BuildableProductRunnable
         runnableDebuggingMode = "0">
         <BuildableReference
            BuildableIdentifier = "primary"
<<<<<<< HEAD
            BlueprintIdentifier = "8E493D942019549700B7E145"
=======
            BlueprintIdentifier = "8E774DA82159CE9500AD4350"
>>>>>>> 6955d9fa30d1b4dfe0d146cf03cb639fe1cf5925
            BuildableName = "Pineafy.app"
            BlueprintName = "Pineafy"
            ReferencedContainer = "container:Pineafy.xcodeproj">
         </BuildableReference>
      </BuildableProductRunnable>
   </ProfileAction>
   <AnalyzeAction
      buildConfiguration = "Debug">
   </AnalyzeAction>
   <ArchiveAction
      buildConfiguration = "Release"
      revealArchiveInOrganizer = "YES">
   </ArchiveAction>
</Scheme>
