// !$*UTF8*$!
{
	archiveVersion = 1;
	classes = {
	};
	objectVersion = 50;
	objects = {

/* Begin PBXBuildFile section */
		4E00902C04B6B75FC86109F7 /* Pods_Pineafy.framework in Frameworks */ = {isa = PBXBuildFile; fileRef = 704DBB14E4A1A5ABF6DD9877 /* Pods_Pineafy.framework */; };
		8E17492F221D1E18007DC9E7 /* DataService.swift in Sources */ = {isa = PBXBuildFile; fileRef = 8E17492E221D1E17007DC9E7 /* DataService.swift */; };
		8E174931221D2154007DC9E7 /* GoogleService-Info.plist in Resources */ = {isa = PBXBuildFile; fileRef = 8E174930221D2154007DC9E7 /* GoogleService-Info.plist */; };
		8E1C38862288B64600E6386D /* FeedbackModel.swift in Sources */ = {isa = PBXBuildFile; fileRef = 8E1C38852288B64600E6386D /* FeedbackModel.swift */; };
		8E1C38882288B7BC00E6386D /* ProviderModel.swift in Sources */ = {isa = PBXBuildFile; fileRef = 8E1C38872288B7BC00E6386D /* ProviderModel.swift */; };
		8E21F86421B777790034640D /* CategoryVC.swift in Sources */ = {isa = PBXBuildFile; fileRef = 8E21F86321B777790034640D /* CategoryVC.swift */; };
		8E2AFEAF218F5F1500F18A3C /* Constants.swift in Sources */ = {isa = PBXBuildFile; fileRef = 8E2AFEAE218F5F1500F18A3C /* Constants.swift */; };
		8E2C13DC22B32F3D00561CD7 /* FourStepsVC.swift in Sources */ = {isa = PBXBuildFile; fileRef = 8E2C13DB22B32F3D00561CD7 /* FourStepsVC.swift */; };
		8E2C13DF22B332D200561CD7 /* FirstStepCell.swift in Sources */ = {isa = PBXBuildFile; fileRef = 8E2C13DE22B332D200561CD7 /* FirstStepCell.swift */; };
		8E2CCBE2228BC44700486C3F /* ProfileView.swift in Sources */ = {isa = PBXBuildFile; fileRef = 8E2CCBE1228BC44700486C3F /* ProfileView.swift */; };
		8E2CCBE4228BC48500486C3F /* profileProviderCell.swift in Sources */ = {isa = PBXBuildFile; fileRef = 8E2CCBE3228BC48500486C3F /* profileProviderCell.swift */; };
		8E2CCBE622939B8D00486C3F /* titleDescView.swift in Sources */ = {isa = PBXBuildFile; fileRef = 8E2CCBE522939B8D00486C3F /* titleDescView.swift */; };
		8E2D993722873A6E00BF1700 /* FeedbackLauncher.swift in Sources */ = {isa = PBXBuildFile; fileRef = 8E2D993622873A6E00BF1700 /* FeedbackLauncher.swift */; };
		8E2D993922873B7E00BF1700 /* BookingVC.swift in Sources */ = {isa = PBXBuildFile; fileRef = 8E2D993822873B7E00BF1700 /* BookingVC.swift */; };
		8E2E7FC5220FD3DC0054253B /* FormVC.swift in Sources */ = {isa = PBXBuildFile; fileRef = 8E2E7FC4220FD3DC0054253B /* FormVC.swift */; };
		8E370D4F2281D7C90011844D /* ServiceProviderModel.swift in Sources */ = {isa = PBXBuildFile; fileRef = 8E370D4E2281D7C90011844D /* ServiceProviderModel.swift */; };
		8E38CC0021DB0CB900D52F95 /* SettingsLauncher.swift in Sources */ = {isa = PBXBuildFile; fileRef = 8E38CBFF21DB0CB900D52F95 /* SettingsLauncher.swift */; };
		8E38CC0221DB0D2500D52F95 /* SettingsCell.swift in Sources */ = {isa = PBXBuildFile; fileRef = 8E38CC0121DB0D2500D52F95 /* SettingsCell.swift */; };
		8E38CC0421DB0DB700D52F95 /* SettingsMenuModel.swift in Sources */ = {isa = PBXBuildFile; fileRef = 8E38CC0321DB0DB700D52F95 /* SettingsMenuModel.swift */; };
		8E44678F21AB8D2100D13EE0 /* FriendVC.swift in Sources */ = {isa = PBXBuildFile; fileRef = 8E44678E21AB8D2100D13EE0 /* FriendVC.swift */; };
		8E483D3C217C2ADE00C815E0 /* NotificationNameExtension.swift in Sources */ = {isa = PBXBuildFile; fileRef = 8E483D3B217C2ADE00C815E0 /* NotificationNameExtension.swift */; };
		8E483D3E217C2F4400C815E0 /* BaseUserModel.swift in Sources */ = {isa = PBXBuildFile; fileRef = 8E483D3D217C2F4400C815E0 /* BaseUserModel.swift */; };
		8E483D40217D071F00C815E0 /* ViewController+Handlers.swift in Sources */ = {isa = PBXBuildFile; fileRef = 8E483D3F217D071F00C815E0 /* ViewController+Handlers.swift */; };
		8E4E105E2165E01100F5840B /* friendHoroscopeCell.swift in Sources */ = {isa = PBXBuildFile; fileRef = 8E4E105D2165E01100F5840B /* friendHoroscopeCell.swift */; };
		8E4E10602165E10A00F5840B /* HoroscopeModel.swift in Sources */ = {isa = PBXBuildFile; fileRef = 8E4E105F2165E10A00F5840B /* HoroscopeModel.swift */; };
		8E585B52227BF8420061B004 /* CategoryCell.swift in Sources */ = {isa = PBXBuildFile; fileRef = 8E585B51227BF8420061B004 /* CategoryCell.swift */; };
		8E585B54227BF8810061B004 /* CategotyModel.swift in Sources */ = {isa = PBXBuildFile; fileRef = 8E585B53227BF8810061B004 /* CategotyModel.swift */; };
		8E585B56227E9C660061B004 /* CategoryDetailVC.swift in Sources */ = {isa = PBXBuildFile; fileRef = 8E585B55227E9C660061B004 /* CategoryDetailVC.swift */; };
		8E585B582280A3DC0061B004 /* ProviderCell.swift in Sources */ = {isa = PBXBuildFile; fileRef = 8E585B572280A3DC0061B004 /* ProviderCell.swift */; };
		8E67E71721603183003EB09C /* DatePickerView.swift in Sources */ = {isa = PBXBuildFile; fileRef = 8E67E71621603183003EB09C /* DatePickerView.swift */; };
		8E774DAD2159CE9500AD4350 /* AppDelegate.swift in Sources */ = {isa = PBXBuildFile; fileRef = 8E774DAC2159CE9500AD4350 /* AppDelegate.swift */; };
		8E774DAF2159CE9500AD4350 /* ViewController.swift in Sources */ = {isa = PBXBuildFile; fileRef = 8E774DAE2159CE9500AD4350 /* ViewController.swift */; };
		8E774DB52159CE9500AD4350 /* Pineafy.xcdatamodeld in Sources */ = {isa = PBXBuildFile; fileRef = 8E774DB32159CE9500AD4350 /* Pineafy.xcdatamodeld */; };
		8E774DBA2159CE9600AD4350 /* LaunchScreen.storyboard in Resources */ = {isa = PBXBuildFile; fileRef = 8E774DB82159CE9600AD4350 /* LaunchScreen.storyboard */; };
		8E774DC52159CE9600AD4350 /* PineafyTests.swift in Sources */ = {isa = PBXBuildFile; fileRef = 8E774DC42159CE9600AD4350 /* PineafyTests.swift */; };
		8E774DD02159CE9600AD4350 /* PineafyUITests.swift in Sources */ = {isa = PBXBuildFile; fileRef = 8E774DCF2159CE9600AD4350 /* PineafyUITests.swift */; };
		8E774DE12159FA8A00AD4350 /* Page.swift in Sources */ = {isa = PBXBuildFile; fileRef = 8E774DE02159FA8A00AD4350 /* Page.swift */; };
		8E774DE32159FB2500AD4350 /* PageCell.swift in Sources */ = {isa = PBXBuildFile; fileRef = 8E774DE22159FB2500AD4350 /* PageCell.swift */; };
		8E774DE52159FB9300AD4350 /* SwipingController.swift in Sources */ = {isa = PBXBuildFile; fileRef = 8E774DE42159FB9300AD4350 /* SwipingController.swift */; };
		8E774DE7215B0A2F00AD4350 /* JosefinSlab-Bold.ttf in Resources */ = {isa = PBXBuildFile; fileRef = 8E774DE6215B0A2F00AD4350 /* JosefinSlab-Bold.ttf */; };
		8E774DE9215B0A3700AD4350 /* JosefinSlab-BoldItalic.ttf in Resources */ = {isa = PBXBuildFile; fileRef = 8E774DE8215B0A3700AD4350 /* JosefinSlab-BoldItalic.ttf */; };
		8E774DEB215B0A3E00AD4350 /* JosefinSlab-Italic.ttf in Resources */ = {isa = PBXBuildFile; fileRef = 8E774DEA215B0A3E00AD4350 /* JosefinSlab-Italic.ttf */; };
		8E774DED215B0A4700AD4350 /* JosefinSlab-Light.ttf in Resources */ = {isa = PBXBuildFile; fileRef = 8E774DEC215B0A4700AD4350 /* JosefinSlab-Light.ttf */; };
		8E774DEF215B0A5500AD4350 /* JosefinSlab-Regular.ttf in Resources */ = {isa = PBXBuildFile; fileRef = 8E774DEE215B0A5500AD4350 /* JosefinSlab-Regular.ttf */; };
		8E774DF1215B0A5E00AD4350 /* JosefinSlab-SemiBold.ttf in Resources */ = {isa = PBXBuildFile; fileRef = 8E774DF0215B0A5E00AD4350 /* JosefinSlab-SemiBold.ttf */; };
		8E774DF3215B0A6C00AD4350 /* JosefinSlab-ThinItalic.ttf in Resources */ = {isa = PBXBuildFile; fileRef = 8E774DF2215B0A6C00AD4350 /* JosefinSlab-ThinItalic.ttf */; };
		8E7ECD0F228A4E8600F8A4F3 /* FeedbackCell.swift in Sources */ = {isa = PBXBuildFile; fileRef = 8E7ECD0E228A4E8600F8A4F3 /* FeedbackCell.swift */; };
		8E9EB485222A40870018539A /* AccountVC.swift in Sources */ = {isa = PBXBuildFile; fileRef = 8E9EB484222A40870018539A /* AccountVC.swift */; };
		8EB613C0216B0A7B00AB9475 /* FriendHorosocopeCollectionView.swift in Sources */ = {isa = PBXBuildFile; fileRef = 8EB613BF216B0A7A00AB9475 /* FriendHorosocopeCollectionView.swift */; };
		8EB613C2216B0B7B00AB9475 /* FriendHoroscopeView.swift in Sources */ = {isa = PBXBuildFile; fileRef = 8EB613C1216B0B7B00AB9475 /* FriendHoroscopeView.swift */; };
		8ED4AF2121AE2D86005D31DB /* Assets.xcassets in Resources */ = {isa = PBXBuildFile; fileRef = 8ED4AF2021AE2D86005D31DB /* Assets.xcassets */; };
		8EDBB250222B79D700EE568F /* AccountCell.swift in Sources */ = {isa = PBXBuildFile; fileRef = 8EDBB24F222B79D700EE568F /* AccountCell.swift */; };
/* End PBXBuildFile section */

/* Begin PBXContainerItemProxy section */
		8E774DC12159CE9600AD4350 /* PBXContainerItemProxy */ = {
			isa = PBXContainerItemProxy;
			containerPortal = 8E774DA12159CE9500AD4350 /* Project object */;
			proxyType = 1;
			remoteGlobalIDString = 8E774DA82159CE9500AD4350;
			remoteInfo = Pineafy;
		};
		8E774DCC2159CE9600AD4350 /* PBXContainerItemProxy */ = {
			isa = PBXContainerItemProxy;
			containerPortal = 8E774DA12159CE9500AD4350 /* Project object */;
			proxyType = 1;
			remoteGlobalIDString = 8E774DA82159CE9500AD4350;
			remoteInfo = Pineafy;
		};
/* End PBXContainerItemProxy section */

/* Begin PBXFileReference section */
		448BC766164962E9D179A9F3 /* Pods-Pineafy.release.xcconfig */ = {isa = PBXFileReference; includeInIndex = 1; lastKnownFileType = text.xcconfig; name = "Pods-Pineafy.release.xcconfig"; path = "Pods/Target Support Files/Pods-Pineafy/Pods-Pineafy.release.xcconfig"; sourceTree = "<group>"; };
		704DBB14E4A1A5ABF6DD9877 /* Pods_Pineafy.framework */ = {isa = PBXFileReference; explicitFileType = wrapper.framework; includeInIndex = 0; path = Pods_Pineafy.framework; sourceTree = BUILT_PRODUCTS_DIR; };
		8E17492E221D1E17007DC9E7 /* DataService.swift */ = {isa = PBXFileReference; lastKnownFileType = sourcecode.swift; path = DataService.swift; sourceTree = "<group>"; };
		8E174930221D2154007DC9E7 /* GoogleService-Info.plist */ = {isa = PBXFileReference; fileEncoding = 4; lastKnownFileType = text.plist.xml; path = "GoogleService-Info.plist"; sourceTree = "<group>"; };
		8E1C38852288B64600E6386D /* FeedbackModel.swift */ = {isa = PBXFileReference; lastKnownFileType = sourcecode.swift; path = FeedbackModel.swift; sourceTree = "<group>"; };
		8E1C38872288B7BC00E6386D /* ProviderModel.swift */ = {isa = PBXFileReference; lastKnownFileType = sourcecode.swift; path = ProviderModel.swift; sourceTree = "<group>"; };
		8E21F86321B777790034640D /* CategoryVC.swift */ = {isa = PBXFileReference; lastKnownFileType = sourcecode.swift; path = CategoryVC.swift; sourceTree = "<group>"; };
		8E2AFEAE218F5F1500F18A3C /* Constants.swift */ = {isa = PBXFileReference; lastKnownFileType = sourcecode.swift; path = Constants.swift; sourceTree = "<group>"; };
		8E2C13DB22B32F3D00561CD7 /* FourStepsVC.swift */ = {isa = PBXFileReference; lastKnownFileType = sourcecode.swift; path = FourStepsVC.swift; sourceTree = "<group>"; };
		8E2C13DE22B332D200561CD7 /* FirstStepCell.swift */ = {isa = PBXFileReference; lastKnownFileType = sourcecode.swift; path = FirstStepCell.swift; sourceTree = "<group>"; };
		8E2CCBE1228BC44700486C3F /* ProfileView.swift */ = {isa = PBXFileReference; lastKnownFileType = sourcecode.swift; path = ProfileView.swift; sourceTree = "<group>"; };
		8E2CCBE3228BC48500486C3F /* profileProviderCell.swift */ = {isa = PBXFileReference; lastKnownFileType = sourcecode.swift; path = profileProviderCell.swift; sourceTree = "<group>"; };
		8E2CCBE522939B8D00486C3F /* titleDescView.swift */ = {isa = PBXFileReference; lastKnownFileType = sourcecode.swift; path = titleDescView.swift; sourceTree = "<group>"; };
		8E2D993622873A6E00BF1700 /* FeedbackLauncher.swift */ = {isa = PBXFileReference; lastKnownFileType = sourcecode.swift; path = FeedbackLauncher.swift; sourceTree = "<group>"; xcLanguageSpecificationIdentifier = xcode.lang.swift; };
		8E2D993822873B7E00BF1700 /* BookingVC.swift */ = {isa = PBXFileReference; lastKnownFileType = sourcecode.swift; path = BookingVC.swift; sourceTree = "<group>"; };
		8E2E7FC4220FD3DC0054253B /* FormVC.swift */ = {isa = PBXFileReference; lastKnownFileType = sourcecode.swift; path = FormVC.swift; sourceTree = "<group>"; };
		8E370D4E2281D7C90011844D /* ServiceProviderModel.swift */ = {isa = PBXFileReference; lastKnownFileType = sourcecode.swift; path = ServiceProviderModel.swift; sourceTree = "<group>"; };
		8E38CBFF21DB0CB900D52F95 /* SettingsLauncher.swift */ = {isa = PBXFileReference; lastKnownFileType = sourcecode.swift; path = SettingsLauncher.swift; sourceTree = "<group>"; };
		8E38CC0121DB0D2500D52F95 /* SettingsCell.swift */ = {isa = PBXFileReference; lastKnownFileType = sourcecode.swift; path = SettingsCell.swift; sourceTree = "<group>"; };
		8E38CC0321DB0DB700D52F95 /* SettingsMenuModel.swift */ = {isa = PBXFileReference; lastKnownFileType = sourcecode.swift; path = SettingsMenuModel.swift; sourceTree = "<group>"; };
		8E44678E21AB8D2100D13EE0 /* FriendVC.swift */ = {isa = PBXFileReference; lastKnownFileType = sourcecode.swift; path = FriendVC.swift; sourceTree = "<group>"; };
		8E483D3B217C2ADE00C815E0 /* NotificationNameExtension.swift */ = {isa = PBXFileReference; lastKnownFileType = sourcecode.swift; path = NotificationNameExtension.swift; sourceTree = "<group>"; };
		8E483D3D217C2F4400C815E0 /* BaseUserModel.swift */ = {isa = PBXFileReference; lastKnownFileType = sourcecode.swift; path = BaseUserModel.swift; sourceTree = "<group>"; };
		8E483D3F217D071F00C815E0 /* ViewController+Handlers.swift */ = {isa = PBXFileReference; lastKnownFileType = sourcecode.swift; path = "ViewController+Handlers.swift"; sourceTree = "<group>"; };
		8E4E105D2165E01100F5840B /* friendHoroscopeCell.swift */ = {isa = PBXFileReference; lastKnownFileType = sourcecode.swift; path = friendHoroscopeCell.swift; sourceTree = "<group>"; };
		8E4E105F2165E10A00F5840B /* HoroscopeModel.swift */ = {isa = PBXFileReference; lastKnownFileType = sourcecode.swift; path = HoroscopeModel.swift; sourceTree = "<group>"; };
		8E585B51227BF8420061B004 /* CategoryCell.swift */ = {isa = PBXFileReference; lastKnownFileType = sourcecode.swift; path = CategoryCell.swift; sourceTree = "<group>"; };
		8E585B53227BF8810061B004 /* CategotyModel.swift */ = {isa = PBXFileReference; lastKnownFileType = sourcecode.swift; path = CategotyModel.swift; sourceTree = "<group>"; };
		8E585B55227E9C660061B004 /* CategoryDetailVC.swift */ = {isa = PBXFileReference; lastKnownFileType = sourcecode.swift; path = CategoryDetailVC.swift; sourceTree = "<group>"; };
		8E585B572280A3DC0061B004 /* ProviderCell.swift */ = {isa = PBXFileReference; lastKnownFileType = sourcecode.swift; path = ProviderCell.swift; sourceTree = "<group>"; };
		8E67E71621603183003EB09C /* DatePickerView.swift */ = {isa = PBXFileReference; lastKnownFileType = sourcecode.swift; path = DatePickerView.swift; sourceTree = "<group>"; };
		8E774DA92159CE9500AD4350 /* Pineafy.app */ = {isa = PBXFileReference; explicitFileType = wrapper.application; includeInIndex = 0; path = Pineafy.app; sourceTree = BUILT_PRODUCTS_DIR; };
		8E774DAC2159CE9500AD4350 /* AppDelegate.swift */ = {isa = PBXFileReference; lastKnownFileType = sourcecode.swift; path = AppDelegate.swift; sourceTree = "<group>"; };
		8E774DAE2159CE9500AD4350 /* ViewController.swift */ = {isa = PBXFileReference; lastKnownFileType = sourcecode.swift; path = ViewController.swift; sourceTree = "<group>"; };
		8E774DB42159CE9500AD4350 /* Pineafy.xcdatamodel */ = {isa = PBXFileReference; lastKnownFileType = wrapper.xcdatamodel; path = Pineafy.xcdatamodel; sourceTree = "<group>"; };
		8E774DB92159CE9600AD4350 /* Base */ = {isa = PBXFileReference; lastKnownFileType = file.storyboard; name = Base; path = Base.lproj/LaunchScreen.storyboard; sourceTree = "<group>"; };
		8E774DBB2159CE9600AD4350 /* Info.plist */ = {isa = PBXFileReference; lastKnownFileType = text.plist.xml; path = Info.plist; sourceTree = "<group>"; };
		8E774DC02159CE9600AD4350 /* PineafyTests.xctest */ = {isa = PBXFileReference; explicitFileType = wrapper.cfbundle; includeInIndex = 0; path = PineafyTests.xctest; sourceTree = BUILT_PRODUCTS_DIR; };
		8E774DC42159CE9600AD4350 /* PineafyTests.swift */ = {isa = PBXFileReference; lastKnownFileType = sourcecode.swift; path = PineafyTests.swift; sourceTree = "<group>"; };
		8E774DC62159CE9600AD4350 /* Info.plist */ = {isa = PBXFileReference; lastKnownFileType = text.plist.xml; path = Info.plist; sourceTree = "<group>"; };
		8E774DCB2159CE9600AD4350 /* PineafyUITests.xctest */ = {isa = PBXFileReference; explicitFileType = wrapper.cfbundle; includeInIndex = 0; path = PineafyUITests.xctest; sourceTree = BUILT_PRODUCTS_DIR; };
		8E774DCF2159CE9600AD4350 /* PineafyUITests.swift */ = {isa = PBXFileReference; lastKnownFileType = sourcecode.swift; path = PineafyUITests.swift; sourceTree = "<group>"; };
		8E774DD12159CE9600AD4350 /* Info.plist */ = {isa = PBXFileReference; lastKnownFileType = text.plist.xml; path = Info.plist; sourceTree = "<group>"; };
		8E774DE02159FA8A00AD4350 /* Page.swift */ = {isa = PBXFileReference; lastKnownFileType = sourcecode.swift; path = Page.swift; sourceTree = "<group>"; };
		8E774DE22159FB2500AD4350 /* PageCell.swift */ = {isa = PBXFileReference; lastKnownFileType = sourcecode.swift; path = PageCell.swift; sourceTree = "<group>"; };
		8E774DE42159FB9300AD4350 /* SwipingController.swift */ = {isa = PBXFileReference; lastKnownFileType = sourcecode.swift; path = SwipingController.swift; sourceTree = "<group>"; };
		8E774DE6215B0A2F00AD4350 /* JosefinSlab-Bold.ttf */ = {isa = PBXFileReference; lastKnownFileType = file; path = "JosefinSlab-Bold.ttf"; sourceTree = "<group>"; };
		8E774DE8215B0A3700AD4350 /* JosefinSlab-BoldItalic.ttf */ = {isa = PBXFileReference; lastKnownFileType = file; path = "JosefinSlab-BoldItalic.ttf"; sourceTree = "<group>"; };
		8E774DEA215B0A3E00AD4350 /* JosefinSlab-Italic.ttf */ = {isa = PBXFileReference; lastKnownFileType = file; path = "JosefinSlab-Italic.ttf"; sourceTree = "<group>"; };
		8E774DEC215B0A4700AD4350 /* JosefinSlab-Light.ttf */ = {isa = PBXFileReference; lastKnownFileType = file; path = "JosefinSlab-Light.ttf"; sourceTree = "<group>"; };
		8E774DEE215B0A5500AD4350 /* JosefinSlab-Regular.ttf */ = {isa = PBXFileReference; lastKnownFileType = file; path = "JosefinSlab-Regular.ttf"; sourceTree = "<group>"; };
		8E774DF0215B0A5E00AD4350 /* JosefinSlab-SemiBold.ttf */ = {isa = PBXFileReference; lastKnownFileType = file; path = "JosefinSlab-SemiBold.ttf"; sourceTree = "<group>"; };
		8E774DF2215B0A6C00AD4350 /* JosefinSlab-ThinItalic.ttf */ = {isa = PBXFileReference; lastKnownFileType = file; path = "JosefinSlab-ThinItalic.ttf"; sourceTree = "<group>"; };
		8E7ECD0E228A4E8600F8A4F3 /* FeedbackCell.swift */ = {isa = PBXFileReference; lastKnownFileType = sourcecode.swift; path = FeedbackCell.swift; sourceTree = "<group>"; };
		8E9EB484222A40870018539A /* AccountVC.swift */ = {isa = PBXFileReference; lastKnownFileType = sourcecode.swift; path = AccountVC.swift; sourceTree = "<group>"; };
		8EB613BF216B0A7A00AB9475 /* FriendHorosocopeCollectionView.swift */ = {isa = PBXFileReference; fileEncoding = 4; lastKnownFileType = sourcecode.swift; name = FriendHorosocopeCollectionView.swift; path = Pineafy/View/CustomViews/FriendHorosocopeCollectionView.swift; sourceTree = SOURCE_ROOT; };
		8EB613C1216B0B7B00AB9475 /* FriendHoroscopeView.swift */ = {isa = PBXFileReference; lastKnownFileType = sourcecode.swift; path = FriendHoroscopeView.swift; sourceTree = "<group>"; };
		8ED4AF2021AE2D86005D31DB /* Assets.xcassets */ = {isa = PBXFileReference; lastKnownFileType = folder.assetcatalog; path = Assets.xcassets; sourceTree = "<group>"; };
		8EDBB24F222B79D700EE568F /* AccountCell.swift */ = {isa = PBXFileReference; lastKnownFileType = sourcecode.swift; path = AccountCell.swift; sourceTree = "<group>"; };
		F31D18D94A517E01C26FD730 /* Pods-Pineafy.debug.xcconfig */ = {isa = PBXFileReference; includeInIndex = 1; lastKnownFileType = text.xcconfig; name = "Pods-Pineafy.debug.xcconfig"; path = "Pods/Target Support Files/Pods-Pineafy/Pods-Pineafy.debug.xcconfig"; sourceTree = "<group>"; };
/* End PBXFileReference section */

/* Begin PBXFrameworksBuildPhase section */
		8E774DA62159CE9500AD4350 /* Frameworks */ = {
			isa = PBXFrameworksBuildPhase;
			buildActionMask = 2147483647;
			files = (
				4E00902C04B6B75FC86109F7 /* Pods_Pineafy.framework in Frameworks */,
			);
			runOnlyForDeploymentPostprocessing = 0;
		};
		8E774DBD2159CE9600AD4350 /* Frameworks */ = {
			isa = PBXFrameworksBuildPhase;
			buildActionMask = 2147483647;
			files = (
			);
			runOnlyForDeploymentPostprocessing = 0;
		};
		8E774DC82159CE9600AD4350 /* Frameworks */ = {
			isa = PBXFrameworksBuildPhase;
			buildActionMask = 2147483647;
			files = (
			);
			runOnlyForDeploymentPostprocessing = 0;
		};
/* End PBXFrameworksBuildPhase section */

/* Begin PBXGroup section */
		0147394006312487013095BA /* Pods */ = {
			isa = PBXGroup;
			children = (
				F31D18D94A517E01C26FD730 /* Pods-Pineafy.debug.xcconfig */,
				448BC766164962E9D179A9F3 /* Pods-Pineafy.release.xcconfig */,
			);
			name = Pods;
			sourceTree = "<group>";
		};
		0EB56C7E066BD5823CA19615 /* Frameworks */ = {
			isa = PBXGroup;
			children = (
				704DBB14E4A1A5ABF6DD9877 /* Pods_Pineafy.framework */,
			);
			name = Frameworks;
			sourceTree = "<group>";
		};
		8E2C13DD22B32FA900561CD7 /* FourSteps */ = {
			isa = PBXGroup;
			children = (
				8E2C13DE22B332D200561CD7 /* FirstStepCell.swift */,
			);
			path = FourSteps;
			sourceTree = "<group>";
		};
		8E483D3A217C2AB600C815E0 /* Utils */ = {
			isa = PBXGroup;
			children = (
				8E483D3B217C2ADE00C815E0 /* NotificationNameExtension.swift */,
				8E2AFEAE218F5F1500F18A3C /* Constants.swift */,
				8E17492E221D1E17007DC9E7 /* DataService.swift */,
			);
			path = Utils;
			sourceTree = "<group>";
		};
		8E4E1063216717C500F5840B /* Cells */ = {
			isa = PBXGroup;
			children = (
				8E2C13DD22B32FA900561CD7 /* FourSteps */,
				8E774DE22159FB2500AD4350 /* PageCell.swift */,
				8E4E105D2165E01100F5840B /* friendHoroscopeCell.swift */,
				8E2CCBE3228BC48500486C3F /* profileProviderCell.swift */,
				8E38CC0121DB0D2500D52F95 /* SettingsCell.swift */,
				8EDBB24F222B79D700EE568F /* AccountCell.swift */,
				8E585B51227BF8420061B004 /* CategoryCell.swift */,
				8E585B572280A3DC0061B004 /* ProviderCell.swift */,
				8E7ECD0E228A4E8600F8A4F3 /* FeedbackCell.swift */,
			);
			path = Cells;
			sourceTree = "<group>";
		};
		8E774DA02159CE9500AD4350 = {
			isa = PBXGroup;
			children = (
				8E774DAB2159CE9500AD4350 /* Pineafy */,
				8E774DC32159CE9600AD4350 /* PineafyTests */,
				8E774DCE2159CE9600AD4350 /* PineafyUITests */,
				8E774DAA2159CE9500AD4350 /* Products */,
				0147394006312487013095BA /* Pods */,
				0EB56C7E066BD5823CA19615 /* Frameworks */,
			);
			sourceTree = "<group>";
		};
		8E774DAA2159CE9500AD4350 /* Products */ = {
			isa = PBXGroup;
			children = (
				8E774DA92159CE9500AD4350 /* Pineafy.app */,
				8E774DC02159CE9600AD4350 /* PineafyTests.xctest */,
				8E774DCB2159CE9600AD4350 /* PineafyUITests.xctest */,
			);
			name = Products;
			sourceTree = "<group>";
		};
		8E774DAB2159CE9500AD4350 /* Pineafy */ = {
			isa = PBXGroup;
			children = (
				8E483D3A217C2AB600C815E0 /* Utils */,
				8E774DF4215B4BC000AD4350 /* Fonts */,
				8E774DDD2159F99800AD4350 /* Contrtoller */,
				8E774DDE2159F9AB00AD4350 /* View */,
				8E774DDF2159F9B300AD4350 /* Model */,
				8E774DAC2159CE9500AD4350 /* AppDelegate.swift */,
				8ED4AF2021AE2D86005D31DB /* Assets.xcassets */,
				8E774DB82159CE9600AD4350 /* LaunchScreen.storyboard */,
				8E774DBB2159CE9600AD4350 /* Info.plist */,
				8E174930221D2154007DC9E7 /* GoogleService-Info.plist */,
			);
			path = Pineafy;
			sourceTree = "<group>";
		};
		8E774DC32159CE9600AD4350 /* PineafyTests */ = {
			isa = PBXGroup;
			children = (
				8E774DC42159CE9600AD4350 /* PineafyTests.swift */,
				8E774DC62159CE9600AD4350 /* Info.plist */,
			);
			path = PineafyTests;
			sourceTree = "<group>";
		};
		8E774DCE2159CE9600AD4350 /* PineafyUITests */ = {
			isa = PBXGroup;
			children = (
				8E774DB32159CE9500AD4350 /* Pineafy.xcdatamodeld */,
				8E774DCF2159CE9600AD4350 /* PineafyUITests.swift */,
				8E774DD12159CE9600AD4350 /* Info.plist */,
			);
			path = PineafyUITests;
			sourceTree = "<group>";
		};
		8E774DDD2159F99800AD4350 /* Contrtoller */ = {
			isa = PBXGroup;
			children = (
				8E774DE42159FB9300AD4350 /* SwipingController.swift */,
				8E774DAE2159CE9500AD4350 /* ViewController.swift */,
				8E483D3F217D071F00C815E0 /* ViewController+Handlers.swift */,
				8E44678E21AB8D2100D13EE0 /* FriendVC.swift */,
				8E21F86321B777790034640D /* CategoryVC.swift */,
				8E2E7FC4220FD3DC0054253B /* FormVC.swift */,
				8E9EB484222A40870018539A /* AccountVC.swift */,
				8E585B55227E9C660061B004 /* CategoryDetailVC.swift */,
				8E2D993822873B7E00BF1700 /* BookingVC.swift */,
				8E2C13DB22B32F3D00561CD7 /* FourStepsVC.swift */,
			);
			path = Contrtoller;
			sourceTree = "<group>";
		};
		8E774DDE2159F9AB00AD4350 /* View */ = {
			isa = PBXGroup;
			children = (
				8EDE056522950AB00061C0FE /* CustomViews */,
				8E4E1063216717C500F5840B /* Cells */,
			);
			path = View;
			sourceTree = "<group>";
		};
		8E774DDF2159F9B300AD4350 /* Model */ = {
			isa = PBXGroup;
			children = (
				8E774DE02159FA8A00AD4350 /* Page.swift */,
				8E4E105F2165E10A00F5840B /* HoroscopeModel.swift */,
				8E483D3D217C2F4400C815E0 /* BaseUserModel.swift */,
				8E38CC0321DB0DB700D52F95 /* SettingsMenuModel.swift */,
				8E585B53227BF8810061B004 /* CategotyModel.swift */,
				8E370D4E2281D7C90011844D /* ServiceProviderModel.swift */,
				8E1C38852288B64600E6386D /* FeedbackModel.swift */,
				8E1C38872288B7BC00E6386D /* ProviderModel.swift */,
			);
			path = Model;
			sourceTree = "<group>";
		};
		8E774DF4215B4BC000AD4350 /* Fonts */ = {
			isa = PBXGroup;
			children = (
				8E774DEA215B0A3E00AD4350 /* JosefinSlab-Italic.ttf */,
				8E774DF0215B0A5E00AD4350 /* JosefinSlab-SemiBold.ttf */,
				8E774DE6215B0A2F00AD4350 /* JosefinSlab-Bold.ttf */,
				8E774DF2215B0A6C00AD4350 /* JosefinSlab-ThinItalic.ttf */,
				8E774DEE215B0A5500AD4350 /* JosefinSlab-Regular.ttf */,
				8E774DEC215B0A4700AD4350 /* JosefinSlab-Light.ttf */,
				8E774DE8215B0A3700AD4350 /* JosefinSlab-BoldItalic.ttf */,
			);
			path = Fonts;
			sourceTree = "<group>";
		};
		8EDE056522950AB00061C0FE /* CustomViews */ = {
			isa = PBXGroup;
			children = (
				8E2CCBE1228BC44700486C3F /* ProfileView.swift */,
				8E38CBFF21DB0CB900D52F95 /* SettingsLauncher.swift */,
				8EB613C1216B0B7B00AB9475 /* FriendHoroscopeView.swift */,
				8E2D993622873A6E00BF1700 /* FeedbackLauncher.swift */,
				8E2CCBE522939B8D00486C3F /* titleDescView.swift */,
				8EB613BF216B0A7A00AB9475 /* FriendHorosocopeCollectionView.swift */,
				8E67E71621603183003EB09C /* DatePickerView.swift */,
			);
			path = CustomViews;
			sourceTree = "<group>";
		};
/* End PBXGroup section */

/* Begin PBXNativeTarget section */
		8E774DA82159CE9500AD4350 /* Pineafy */ = {
			isa = PBXNativeTarget;
			buildConfigurationList = 8E774DD42159CE9600AD4350 /* Build configuration list for PBXNativeTarget "Pineafy" */;
			buildPhases = (
				23947CE7F534F43F86EC4848 /* [CP] Check Pods Manifest.lock */,
				8E774DA52159CE9500AD4350 /* Sources */,
				8E774DA62159CE9500AD4350 /* Frameworks */,
				8E774DA72159CE9500AD4350 /* Resources */,
				B1761C30E62E727C3DDFB10B /* [CP] Embed Pods Frameworks */,
			);
			buildRules = (
			);
			dependencies = (
			);
			name = Pineafy;
			productName = Pineafy;
			productReference = 8E774DA92159CE9500AD4350 /* Pineafy.app */;
			productType = "com.apple.product-type.application";
		};
		8E774DBF2159CE9600AD4350 /* PineafyTests */ = {
			isa = PBXNativeTarget;
			buildConfigurationList = 8E774DD72159CE9600AD4350 /* Build configuration list for PBXNativeTarget "PineafyTests" */;
			buildPhases = (
				8E774DBC2159CE9600AD4350 /* Sources */,
				8E774DBD2159CE9600AD4350 /* Frameworks */,
				8E774DBE2159CE9600AD4350 /* Resources */,
			);
			buildRules = (
			);
			dependencies = (
				8E774DC22159CE9600AD4350 /* PBXTargetDependency */,
			);
			name = PineafyTests;
			productName = PineafyTests;
			productReference = 8E774DC02159CE9600AD4350 /* PineafyTests.xctest */;
			productType = "com.apple.product-type.bundle.unit-test";
		};
		8E774DCA2159CE9600AD4350 /* PineafyUITests */ = {
			isa = PBXNativeTarget;
			buildConfigurationList = 8E774DDA2159CE9600AD4350 /* Build configuration list for PBXNativeTarget "PineafyUITests" */;
			buildPhases = (
				8E774DC72159CE9600AD4350 /* Sources */,
				8E774DC82159CE9600AD4350 /* Frameworks */,
				8E774DC92159CE9600AD4350 /* Resources */,
			);
			buildRules = (
			);
			dependencies = (
				8E774DCD2159CE9600AD4350 /* PBXTargetDependency */,
			);
			name = PineafyUITests;
			productName = PineafyUITests;
			productReference = 8E774DCB2159CE9600AD4350 /* PineafyUITests.xctest */;
			productType = "com.apple.product-type.bundle.ui-testing";
		};
/* End PBXNativeTarget section */

/* Begin PBXProject section */
		8E774DA12159CE9500AD4350 /* Project object */ = {
			isa = PBXProject;
			attributes = {
				LastSwiftUpdateCheck = 0940;
				LastUpgradeCheck = 0940;
				ORGANIZATIONNAME = Devius;
				TargetAttributes = {
					8E774DA82159CE9500AD4350 = {
						CreatedOnToolsVersion = 9.4.1;
					};
					8E774DBF2159CE9600AD4350 = {
						CreatedOnToolsVersion = 9.4.1;
						TestTargetID = 8E774DA82159CE9500AD4350;
					};
					8E774DCA2159CE9600AD4350 = {
						CreatedOnToolsVersion = 9.4.1;
						TestTargetID = 8E774DA82159CE9500AD4350;
					};
				};
			};
			buildConfigurationList = 8E774DA42159CE9500AD4350 /* Build configuration list for PBXProject "Pineafy" */;
			compatibilityVersion = "Xcode 9.3";
			developmentRegion = en;
			hasScannedForEncodings = 0;
			knownRegions = (
				en,
				Base,
			);
			mainGroup = 8E774DA02159CE9500AD4350;
			productRefGroup = 8E774DAA2159CE9500AD4350 /* Products */;
			projectDirPath = "";
			projectRoot = "";
			targets = (
				8E774DA82159CE9500AD4350 /* Pineafy */,
				8E774DBF2159CE9600AD4350 /* PineafyTests */,
				8E774DCA2159CE9600AD4350 /* PineafyUITests */,
			);
		};
/* End PBXProject section */

/* Begin PBXResourcesBuildPhase section */
		8E774DA72159CE9500AD4350 /* Resources */ = {
			isa = PBXResourcesBuildPhase;
			buildActionMask = 2147483647;
			files = (
				8E774DF1215B0A5E00AD4350 /* JosefinSlab-SemiBold.ttf in Resources */,
				8E774DEF215B0A5500AD4350 /* JosefinSlab-Regular.ttf in Resources */,
				8E774DED215B0A4700AD4350 /* JosefinSlab-Light.ttf in Resources */,
				8E774DBA2159CE9600AD4350 /* LaunchScreen.storyboard in Resources */,
				8E774DE7215B0A2F00AD4350 /* JosefinSlab-Bold.ttf in Resources */,
				8E774DE9215B0A3700AD4350 /* JosefinSlab-BoldItalic.ttf in Resources */,
				8E774DEB215B0A3E00AD4350 /* JosefinSlab-Italic.ttf in Resources */,
				8E174931221D2154007DC9E7 /* GoogleService-Info.plist in Resources */,
				8ED4AF2121AE2D86005D31DB /* Assets.xcassets in Resources */,
				8E774DF3215B0A6C00AD4350 /* JosefinSlab-ThinItalic.ttf in Resources */,
			);
			runOnlyForDeploymentPostprocessing = 0;
		};
		8E774DBE2159CE9600AD4350 /* Resources */ = {
			isa = PBXResourcesBuildPhase;
			buildActionMask = 2147483647;
			files = (
			);
			runOnlyForDeploymentPostprocessing = 0;
		};
		8E774DC92159CE9600AD4350 /* Resources */ = {
			isa = PBXResourcesBuildPhase;
			buildActionMask = 2147483647;
			files = (
			);
			runOnlyForDeploymentPostprocessing = 0;
		};
/* End PBXResourcesBuildPhase section */

/* Begin PBXShellScriptBuildPhase section */
		23947CE7F534F43F86EC4848 /* [CP] Check Pods Manifest.lock */ = {
			isa = PBXShellScriptBuildPhase;
			buildActionMask = 2147483647;
			files = (
			);
			inputFileListPaths = (
			);
			inputPaths = (
				"${PODS_PODFILE_DIR_PATH}/Podfile.lock",
				"${PODS_ROOT}/Manifest.lock",
			);
			name = "[CP] Check Pods Manifest.lock";
			outputFileListPaths = (
			);
			outputPaths = (
				"$(DERIVED_FILE_DIR)/Pods-Pineafy-checkManifestLockResult.txt",
			);
			runOnlyForDeploymentPostprocessing = 0;
			shellPath = /bin/sh;
			shellScript = "diff \"${PODS_PODFILE_DIR_PATH}/Podfile.lock\" \"${PODS_ROOT}/Manifest.lock\" > /dev/null\nif [ $? != 0 ] ; then\n    # print error to STDERR\n    echo \"error: The sandbox is not in sync with the Podfile.lock. Run 'pod install' or update your CocoaPods installation.\" >&2\n    exit 1\nfi\n# This output is used by Xcode 'outputs' to avoid re-running this script phase.\necho \"SUCCESS\" > \"${SCRIPT_OUTPUT_FILE_0}\"\n";
			showEnvVarsInLog = 0;
		};
		B1761C30E62E727C3DDFB10B /* [CP] Embed Pods Frameworks */ = {
			isa = PBXShellScriptBuildPhase;
			buildActionMask = 2147483647;
			files = (
			);
			inputFileListPaths = (
			);
			inputPaths = (
				"${SRCROOT}/Pods/Target Support Files/Pods-Pineafy/Pods-Pineafy-frameworks.sh",
				"${BUILT_PRODUCTS_DIR}/Alamofire/Alamofire.framework",
				"${BUILT_PRODUCTS_DIR}/GoogleUtilities/GoogleUtilities.framework",
				"${BUILT_PRODUCTS_DIR}/Realm/Realm.framework",
				"${BUILT_PRODUCTS_DIR}/RealmSwift/RealmSwift.framework",
				"${BUILT_PRODUCTS_DIR}/Stripe/Stripe.framework",
				"${BUILT_PRODUCTS_DIR}/leveldb-library/leveldb.framework",
				"${BUILT_PRODUCTS_DIR}/nanopb/nanopb.framework",
			);
			name = "[CP] Embed Pods Frameworks";
			outputFileListPaths = (
			);
			outputPaths = (
				"${TARGET_BUILD_DIR}/${FRAMEWORKS_FOLDER_PATH}/Alamofire.framework",
				"${TARGET_BUILD_DIR}/${FRAMEWORKS_FOLDER_PATH}/GoogleUtilities.framework",
				"${TARGET_BUILD_DIR}/${FRAMEWORKS_FOLDER_PATH}/Realm.framework",
				"${TARGET_BUILD_DIR}/${FRAMEWORKS_FOLDER_PATH}/RealmSwift.framework",
				"${TARGET_BUILD_DIR}/${FRAMEWORKS_FOLDER_PATH}/Stripe.framework",
				"${TARGET_BUILD_DIR}/${FRAMEWORKS_FOLDER_PATH}/leveldb.framework",
				"${TARGET_BUILD_DIR}/${FRAMEWORKS_FOLDER_PATH}/nanopb.framework",
			);
			runOnlyForDeploymentPostprocessing = 0;
			shellPath = /bin/sh;
			shellScript = "\"${SRCROOT}/Pods/Target Support Files/Pods-Pineafy/Pods-Pineafy-frameworks.sh\"\n";
			showEnvVarsInLog = 0;
		};
/* End PBXShellScriptBuildPhase section */

/* Begin PBXSourcesBuildPhase section */
		8E774DA52159CE9500AD4350 /* Sources */ = {
			isa = PBXSourcesBuildPhase;
			buildActionMask = 2147483647;
			files = (
				8E585B582280A3DC0061B004 /* ProviderCell.swift in Sources */,
				8E38CC0221DB0D2500D52F95 /* SettingsCell.swift in Sources */,
				8E774DAF2159CE9500AD4350 /* ViewController.swift in Sources */,
				8E774DE32159FB2500AD4350 /* PageCell.swift in Sources */,
				8E1C38862288B64600E6386D /* FeedbackModel.swift in Sources */,
				8E38CC0021DB0CB900D52F95 /* SettingsLauncher.swift in Sources */,
				8E585B52227BF8420061B004 /* CategoryCell.swift in Sources */,
				8E4E10602165E10A00F5840B /* HoroscopeModel.swift in Sources */,
				8E17492F221D1E18007DC9E7 /* DataService.swift in Sources */,
				8E21F86421B777790034640D /* CategoryVC.swift in Sources */,
				8E2CCBE622939B8D00486C3F /* titleDescView.swift in Sources */,
				8E483D3C217C2ADE00C815E0 /* NotificationNameExtension.swift in Sources */,
				8EB613C0216B0A7B00AB9475 /* FriendHorosocopeCollectionView.swift in Sources */,
				8E2CCBE2228BC44700486C3F /* ProfileView.swift in Sources */,
				8E44678F21AB8D2100D13EE0 /* FriendVC.swift in Sources */,
				8E774DAD2159CE9500AD4350 /* AppDelegate.swift in Sources */,
				8E7ECD0F228A4E8600F8A4F3 /* FeedbackCell.swift in Sources */,
				8E2CCBE4228BC48500486C3F /* profileProviderCell.swift in Sources */,
				8E774DE12159FA8A00AD4350 /* Page.swift in Sources */,
				8E67E71721603183003EB09C /* DatePickerView.swift in Sources */,
				8E9EB485222A40870018539A /* AccountVC.swift in Sources */,
				8E2C13DF22B332D200561CD7 /* FirstStepCell.swift in Sources */,
				8E483D3E217C2F4400C815E0 /* BaseUserModel.swift in Sources */,
				8E2D993722873A6E00BF1700 /* FeedbackLauncher.swift in Sources */,
				8E774DB52159CE9500AD4350 /* Pineafy.xcdatamodeld in Sources */,
				8E38CC0421DB0DB700D52F95 /* SettingsMenuModel.swift in Sources */,
				8EDBB250222B79D700EE568F /* AccountCell.swift in Sources */,
				8E774DE52159FB9300AD4350 /* SwipingController.swift in Sources */,
				8E4E105E2165E01100F5840B /* friendHoroscopeCell.swift in Sources */,
				8EB613C2216B0B7B00AB9475 /* FriendHoroscopeView.swift in Sources */,
				8E483D40217D071F00C815E0 /* ViewController+Handlers.swift in Sources */,
				8E585B56227E9C660061B004 /* CategoryDetailVC.swift in Sources */,
				8E1C38882288B7BC00E6386D /* ProviderModel.swift in Sources */,
				8E2D993922873B7E00BF1700 /* BookingVC.swift in Sources */,
				8E585B54227BF8810061B004 /* CategotyModel.swift in Sources */,
				8E2C13DC22B32F3D00561CD7 /* FourStepsVC.swift in Sources */,
				8E2AFEAF218F5F1500F18A3C /* Constants.swift in Sources */,
				8E370D4F2281D7C90011844D /* ServiceProviderModel.swift in Sources */,
				8E2E7FC5220FD3DC0054253B /* FormVC.swift in Sources */,
			);
			runOnlyForDeploymentPostprocessing = 0;
		};
		8E774DBC2159CE9600AD4350 /* Sources */ = {
			isa = PBXSourcesBuildPhase;
			buildActionMask = 2147483647;
			files = (
				8E774DC52159CE9600AD4350 /* PineafyTests.swift in Sources */,
			);
			runOnlyForDeploymentPostprocessing = 0;
		};
		8E774DC72159CE9600AD4350 /* Sources */ = {
			isa = PBXSourcesBuildPhase;
			buildActionMask = 2147483647;
			files = (
				8E774DD02159CE9600AD4350 /* PineafyUITests.swift in Sources */,
			);
			runOnlyForDeploymentPostprocessing = 0;
		};
/* End PBXSourcesBuildPhase section */

/* Begin PBXTargetDependency section */
		8E774DC22159CE9600AD4350 /* PBXTargetDependency */ = {
			isa = PBXTargetDependency;
			target = 8E774DA82159CE9500AD4350 /* Pineafy */;
			targetProxy = 8E774DC12159CE9600AD4350 /* PBXContainerItemProxy */;
		};
		8E774DCD2159CE9600AD4350 /* PBXTargetDependency */ = {
			isa = PBXTargetDependency;
			target = 8E774DA82159CE9500AD4350 /* Pineafy */;
			targetProxy = 8E774DCC2159CE9600AD4350 /* PBXContainerItemProxy */;
		};
/* End PBXTargetDependency section */

/* Begin PBXVariantGroup section */
		8E774DB82159CE9600AD4350 /* LaunchScreen.storyboard */ = {
			isa = PBXVariantGroup;
			children = (
				8E774DB92159CE9600AD4350 /* Base */,
			);
			name = LaunchScreen.storyboard;
			sourceTree = "<group>";
		};
/* End PBXVariantGroup section */

/* Begin XCBuildConfiguration section */
		8E774DD22159CE9600AD4350 /* Debug */ = {
			isa = XCBuildConfiguration;
			buildSettings = {
				ALWAYS_SEARCH_USER_PATHS = NO;
				CLANG_ANALYZER_NONNULL = YES;
				CLANG_ANALYZER_NUMBER_OBJECT_CONVERSION = YES_AGGRESSIVE;
				CLANG_CXX_LANGUAGE_STANDARD = "gnu++14";
				CLANG_CXX_LIBRARY = "libc++";
				CLANG_ENABLE_MODULES = YES;
				CLANG_ENABLE_OBJC_ARC = YES;
				CLANG_ENABLE_OBJC_WEAK = YES;
				CLANG_WARN_BLOCK_CAPTURE_AUTORELEASING = YES;
				CLANG_WARN_BOOL_CONVERSION = YES;
				CLANG_WARN_COMMA = YES;
				CLANG_WARN_CONSTANT_CONVERSION = YES;
				CLANG_WARN_DEPRECATED_OBJC_IMPLEMENTATIONS = YES;
				CLANG_WARN_DIRECT_OBJC_ISA_USAGE = YES_ERROR;
				CLANG_WARN_DOCUMENTATION_COMMENTS = YES;
				CLANG_WARN_EMPTY_BODY = YES;
				CLANG_WARN_ENUM_CONVERSION = YES;
				CLANG_WARN_INFINITE_RECURSION = YES;
				CLANG_WARN_INT_CONVERSION = YES;
				CLANG_WARN_NON_LITERAL_NULL_CONVERSION = YES;
				CLANG_WARN_OBJC_IMPLICIT_RETAIN_SELF = YES;
				CLANG_WARN_OBJC_LITERAL_CONVERSION = YES;
				CLANG_WARN_OBJC_ROOT_CLASS = YES_ERROR;
				CLANG_WARN_RANGE_LOOP_ANALYSIS = YES;
				CLANG_WARN_STRICT_PROTOTYPES = YES;
				CLANG_WARN_SUSPICIOUS_MOVE = YES;
				CLANG_WARN_UNGUARDED_AVAILABILITY = YES_AGGRESSIVE;
				CLANG_WARN_UNREACHABLE_CODE = YES;
				CLANG_WARN__DUPLICATE_METHOD_MATCH = YES;
				CODE_SIGN_IDENTITY = "iPhone Developer";
				COPY_PHASE_STRIP = NO;
				DEBUG_INFORMATION_FORMAT = dwarf;
				ENABLE_STRICT_OBJC_MSGSEND = YES;
				ENABLE_TESTABILITY = YES;
				GCC_C_LANGUAGE_STANDARD = gnu11;
				GCC_DYNAMIC_NO_PIC = NO;
				GCC_NO_COMMON_BLOCKS = YES;
				GCC_OPTIMIZATION_LEVEL = 0;
				GCC_PREPROCESSOR_DEFINITIONS = (
					"DEBUG=1",
					"$(inherited)",
				);
				GCC_WARN_64_TO_32_BIT_CONVERSION = YES;
				GCC_WARN_ABOUT_RETURN_TYPE = YES_ERROR;
				GCC_WARN_UNDECLARED_SELECTOR = YES;
				GCC_WARN_UNINITIALIZED_AUTOS = YES_AGGRESSIVE;
				GCC_WARN_UNUSED_FUNCTION = YES;
				GCC_WARN_UNUSED_VARIABLE = YES;
				IPHONEOS_DEPLOYMENT_TARGET = 11.4;
				MTL_ENABLE_DEBUG_INFO = YES;
				ONLY_ACTIVE_ARCH = YES;
				SDKROOT = iphoneos;
				SWIFT_ACTIVE_COMPILATION_CONDITIONS = DEBUG;
				SWIFT_OPTIMIZATION_LEVEL = "-Onone";
			};
			name = Debug;
		};
		8E774DD32159CE9600AD4350 /* Release */ = {
			isa = XCBuildConfiguration;
			buildSettings = {
				ALWAYS_SEARCH_USER_PATHS = NO;
				CLANG_ANALYZER_NONNULL = YES;
				CLANG_ANALYZER_NUMBER_OBJECT_CONVERSION = YES_AGGRESSIVE;
				CLANG_CXX_LANGUAGE_STANDARD = "gnu++14";
				CLANG_CXX_LIBRARY = "libc++";
				CLANG_ENABLE_MODULES = YES;
				CLANG_ENABLE_OBJC_ARC = YES;
				CLANG_ENABLE_OBJC_WEAK = YES;
				CLANG_WARN_BLOCK_CAPTURE_AUTORELEASING = YES;
				CLANG_WARN_BOOL_CONVERSION = YES;
				CLANG_WARN_COMMA = YES;
				CLANG_WARN_CONSTANT_CONVERSION = YES;
				CLANG_WARN_DEPRECATED_OBJC_IMPLEMENTATIONS = YES;
				CLANG_WARN_DIRECT_OBJC_ISA_USAGE = YES_ERROR;
				CLANG_WARN_DOCUMENTATION_COMMENTS = YES;
				CLANG_WARN_EMPTY_BODY = YES;
				CLANG_WARN_ENUM_CONVERSION = YES;
				CLANG_WARN_INFINITE_RECURSION = YES;
				CLANG_WARN_INT_CONVERSION = YES;
				CLANG_WARN_NON_LITERAL_NULL_CONVERSION = YES;
				CLANG_WARN_OBJC_IMPLICIT_RETAIN_SELF = YES;
				CLANG_WARN_OBJC_LITERAL_CONVERSION = YES;
				CLANG_WARN_OBJC_ROOT_CLASS = YES_ERROR;
				CLANG_WARN_RANGE_LOOP_ANALYSIS = YES;
				CLANG_WARN_STRICT_PROTOTYPES = YES;
				CLANG_WARN_SUSPICIOUS_MOVE = YES;
				CLANG_WARN_UNGUARDED_AVAILABILITY = YES_AGGRESSIVE;
				CLANG_WARN_UNREACHABLE_CODE = YES;
				CLANG_WARN__DUPLICATE_METHOD_MATCH = YES;
				CODE_SIGN_IDENTITY = "iPhone Developer";
				COPY_PHASE_STRIP = NO;
				DEBUG_INFORMATION_FORMAT = "dwarf-with-dsym";
				ENABLE_NS_ASSERTIONS = NO;
				ENABLE_STRICT_OBJC_MSGSEND = YES;
				GCC_C_LANGUAGE_STANDARD = gnu11;
				GCC_NO_COMMON_BLOCKS = YES;
				GCC_WARN_64_TO_32_BIT_CONVERSION = YES;
				GCC_WARN_ABOUT_RETURN_TYPE = YES_ERROR;
				GCC_WARN_UNDECLARED_SELECTOR = YES;
				GCC_WARN_UNINITIALIZED_AUTOS = YES_AGGRESSIVE;
				GCC_WARN_UNUSED_FUNCTION = YES;
				GCC_WARN_UNUSED_VARIABLE = YES;
				IPHONEOS_DEPLOYMENT_TARGET = 11.4;
				MTL_ENABLE_DEBUG_INFO = NO;
				SDKROOT = iphoneos;
				SWIFT_COMPILATION_MODE = wholemodule;
				SWIFT_OPTIMIZATION_LEVEL = "-O";
				VALIDATE_PRODUCT = YES;
			};
			name = Release;
		};
		8E774DD52159CE9600AD4350 /* Debug */ = {
			isa = XCBuildConfiguration;
			baseConfigurationReference = F31D18D94A517E01C26FD730 /* Pods-Pineafy.debug.xcconfig */;
			buildSettings = {
				ASSETCATALOG_COMPILER_APPICON_NAME = AppIcon;
				CODE_SIGN_IDENTITY = "iPhone Developer";
				CODE_SIGN_STYLE = Automatic;
				DEVELOPMENT_TEAM = 7579Y7U4SZ;
				INFOPLIST_FILE = Pineafy/Info.plist;
				IPHONEOS_DEPLOYMENT_TARGET = 12.0;
				LD_RUNPATH_SEARCH_PATHS = (
					"$(inherited)",
					"@executable_path/Frameworks",
				);
				PRODUCT_BUNDLE_IDENTIFIER = com.deviusLLC.pineafy;
				PRODUCT_NAME = "$(TARGET_NAME)";
				PROVISIONING_PROFILE_SPECIFIER = "";
				SWIFT_VERSION = 4.0;
				TARGETED_DEVICE_FAMILY = "1,2";
			};
			name = Debug;
		};
		8E774DD62159CE9600AD4350 /* Release */ = {
			isa = XCBuildConfiguration;
			baseConfigurationReference = 448BC766164962E9D179A9F3 /* Pods-Pineafy.release.xcconfig */;
			buildSettings = {
				ASSETCATALOG_COMPILER_APPICON_NAME = AppIcon;
				CODE_SIGN_IDENTITY = "iPhone Developer";
				CODE_SIGN_STYLE = Automatic;
				DEVELOPMENT_TEAM = 7579Y7U4SZ;
				INFOPLIST_FILE = Pineafy/Info.plist;
				IPHONEOS_DEPLOYMENT_TARGET = 12.0;
				LD_RUNPATH_SEARCH_PATHS = (
					"$(inherited)",
					"@executable_path/Frameworks",
				);
				PRODUCT_BUNDLE_IDENTIFIER = com.deviusLLC.pineafy;
				PRODUCT_NAME = "$(TARGET_NAME)";
				PROVISIONING_PROFILE_SPECIFIER = "";
				SWIFT_VERSION = 4.0;
				TARGETED_DEVICE_FAMILY = "1,2";
			};
			name = Release;
		};
		8E774DD82159CE9600AD4350 /* Debug */ = {
			isa = XCBuildConfiguration;
			buildSettings = {
				ALWAYS_EMBED_SWIFT_STANDARD_LIBRARIES = YES;
				BUNDLE_LOADER = "$(TEST_HOST)";
				CODE_SIGN_STYLE = Automatic;
				DEVELOPMENT_TEAM = 83M9X3N895;
				INFOPLIST_FILE = PineafyTests/Info.plist;
				LD_RUNPATH_SEARCH_PATHS = (
					"$(inherited)",
					"@executable_path/Frameworks",
					"@loader_path/Frameworks",
				);
				PRODUCT_BUNDLE_IDENTIFIER = com.Devius.InstaKarma.PineafyTests;
				PRODUCT_NAME = "$(TARGET_NAME)";
				SWIFT_VERSION = 4.0;
				TARGETED_DEVICE_FAMILY = "1,2";
				TEST_HOST = "$(BUILT_PRODUCTS_DIR)/Pineafy.app/Pineafy";
			};
			name = Debug;
		};
		8E774DD92159CE9600AD4350 /* Release */ = {
			isa = XCBuildConfiguration;
			buildSettings = {
				ALWAYS_EMBED_SWIFT_STANDARD_LIBRARIES = YES;
				BUNDLE_LOADER = "$(TEST_HOST)";
				CODE_SIGN_STYLE = Automatic;
				DEVELOPMENT_TEAM = 83M9X3N895;
				INFOPLIST_FILE = PineafyTests/Info.plist;
				LD_RUNPATH_SEARCH_PATHS = (
					"$(inherited)",
					"@executable_path/Frameworks",
					"@loader_path/Frameworks",
				);
				PRODUCT_BUNDLE_IDENTIFIER = com.Devius.InstaKarma.PineafyTests;
				PRODUCT_NAME = "$(TARGET_NAME)";
				SWIFT_VERSION = 4.0;
				TARGETED_DEVICE_FAMILY = "1,2";
				TEST_HOST = "$(BUILT_PRODUCTS_DIR)/Pineafy.app/Pineafy";
			};
			name = Release;
		};
		8E774DDB2159CE9600AD4350 /* Debug */ = {
			isa = XCBuildConfiguration;
			buildSettings = {
				ALWAYS_EMBED_SWIFT_STANDARD_LIBRARIES = YES;
				CODE_SIGN_STYLE = Automatic;
				DEVELOPMENT_TEAM = 83M9X3N895;
				INFOPLIST_FILE = PineafyUITests/Info.plist;
				LD_RUNPATH_SEARCH_PATHS = (
					"$(inherited)",
					"@executable_path/Frameworks",
					"@loader_path/Frameworks",
				);
				PRODUCT_BUNDLE_IDENTIFIER = com.Devius.InstaKarma.PineafyUITests;
				PRODUCT_NAME = "$(TARGET_NAME)";
				SWIFT_VERSION = 4.0;
				TARGETED_DEVICE_FAMILY = "1,2";
				TEST_TARGET_NAME = Pineafy;
			};
			name = Debug;
		};
		8E774DDC2159CE9600AD4350 /* Release */ = {
			isa = XCBuildConfiguration;
			buildSettings = {
				ALWAYS_EMBED_SWIFT_STANDARD_LIBRARIES = YES;
				CODE_SIGN_STYLE = Automatic;
				DEVELOPMENT_TEAM = 83M9X3N895;
				INFOPLIST_FILE = PineafyUITests/Info.plist;
				LD_RUNPATH_SEARCH_PATHS = (
					"$(inherited)",
					"@executable_path/Frameworks",
					"@loader_path/Frameworks",
				);
				PRODUCT_BUNDLE_IDENTIFIER = com.Devius.InstaKarma.PineafyUITests;
				PRODUCT_NAME = "$(TARGET_NAME)";
				SWIFT_VERSION = 4.0;
				TARGETED_DEVICE_FAMILY = "1,2";
				TEST_TARGET_NAME = Pineafy;
			};
			name = Release;
		};
/* End XCBuildConfiguration section */

/* Begin XCConfigurationList section */
		8E774DA42159CE9500AD4350 /* Build configuration list for PBXProject "Pineafy" */ = {
			isa = XCConfigurationList;
			buildConfigurations = (
				8E774DD22159CE9600AD4350 /* Debug */,
				8E774DD32159CE9600AD4350 /* Release */,
			);
			defaultConfigurationIsVisible = 0;
			defaultConfigurationName = Release;
		};
		8E774DD42159CE9600AD4350 /* Build configuration list for PBXNativeTarget "Pineafy" */ = {
			isa = XCConfigurationList;
			buildConfigurations = (
				8E774DD52159CE9600AD4350 /* Debug */,
				8E774DD62159CE9600AD4350 /* Release */,
			);
			defaultConfigurationIsVisible = 0;
			defaultConfigurationName = Release;
		};
		8E774DD72159CE9600AD4350 /* Build configuration list for PBXNativeTarget "PineafyTests" */ = {
			isa = XCConfigurationList;
			buildConfigurations = (
				8E774DD82159CE9600AD4350 /* Debug */,
				8E774DD92159CE9600AD4350 /* Release */,
			);
			defaultConfigurationIsVisible = 0;
			defaultConfigurationName = Release;
		};
		8E774DDA2159CE9600AD4350 /* Build configuration list for PBXNativeTarget "PineafyUITests" */ = {
			isa = XCConfigurationList;
			buildConfigurations = (
				8E774DDB2159CE9600AD4350 /* Debug */,
				8E774DDC2159CE9600AD4350 /* Release */,
			);
			defaultConfigurationIsVisible = 0;
			defaultConfigurationName = Release;
		};
/* End XCConfigurationList section */

/* Begin XCVersionGroup section */
		8E774DB32159CE9500AD4350 /* Pineafy.xcdatamodeld */ = {
			isa = XCVersionGroup;
			children = (
				8E774DB42159CE9500AD4350 /* Pineafy.xcdatamodel */,
			);
			currentVersion = 8E774DB42159CE9500AD4350 /* Pineafy.xcdatamodel */;
			path = Pineafy.xcdatamodeld;
			sourceTree = "<group>";
			versionGroupType = wrapper.xcdatamodel;
		};
/* End XCVersionGroup section */
	};
	rootObject = 8E774DA12159CE9500AD4350 /* Project object */;
}
